github.com/davecgh/go-spew v1.1.1/go.mod h1:J7Y8YcW2NihsgmVo/mv3lAwl/skON4iLHjSsI+c5H38=
github.com/elliotchance/sshtunnel v1.3.0 h1:LbxEVB3ngAMGD4cyb/3E1CVA5KL/ZrW2r4zK024n4hw=
github.com/elliotchance/sshtunnel v1.3.0/go.mod h1:gRPilFGawrilzilJ+4ySFZxu/qoNZN++GQQ1HVFrVJk=
github.com/go-sql-driver/mysql v1.6.0 h1:BCTh4TKNUYmOmMUcQ3IipzF5prigylS7XXjEkfCHuOE=
github.com/go-sql-driver/mysql v1.6.0/go.mod h1:DCzpHaOWr8IXmIStZouvnhqoel9Qv2LBy8hT2VhHyBg=
github.com/pmezard/go-difflib v1.0.0/go.mod h1:iKH77koFhYxTK1pcRnkKkqfTogsbg7gZNVY4sRDYZ/4=
github.com/seamia/libs v0.0.0-20201012143626-8cc0af595042 h1:SPoIdx/x3bV0+rewwrgHpm1i6z8CFdrAOn+wmo55w2w=
github.com/seamia/libs v0.0.0-20201012143626-8cc0af595042/go.mod h1:c5t4txxmeVUREcfb0v+bP07FuXdWetiSdNX98BM5Q4g=
github.com/seamia/libs/zip v0.0.0-20201012143626-8cc0af595042 h1:s2NfpLc/dehDi4ciYKMfuv2t0kvvS3GZKe/1xMY5dtg=
github.com/seamia/libs/zip v0.0.0-20201012143626-8cc0af595042/go.mod h1:kuwS4WXna64gELGt/e3ef331Kuamawaq4RUMQV3xtf4=
github.com/sirupsen/logrus v1.8.1 h1:dJKuHgqk1NNQlqoA6BTlM1Wf9DOH3NBjQyu0h9+AZZE=
github.com/sirupsen/logrus v1.8.1/go.mod h1:yWOB1SBYBC5VeMP7gHvWumXLIWorT60ONWic61uBYv0=
github.com/stretchr/testify v1.2.2/go.mod h1:a8OnRcib4nhh0OaRAV+Yts87kKdq0PP7pXfy6kDkUVs=
golang.org/x/crypto v0.0.0-20190308221718-c2843e01d9a2/go.mod h1:djNgcEr1/C05ACkg1iLfiJU5Ep61QUkGW8qpdssI0+w=
golang.org/x/crypto v0.0.0-20191122220453-ac88ee75c92c h1:/nJuwDLoL/zrqY6gf57vxC+Pi+pZ8bfhpPkicO5H7W4=
golang.org/x/crypto v0.0.0-20191122220453-ac88ee75c92c/go.mod h1:LzIPMQfyMNhhGPhUkYOs5KpL4U8rLKemX1yGLhDgUto=
golang.org/x/net v0.0.0-20190404232315-eb5bcb51f2a3/go.mod h1:t9HGtf8HONx5eT2rtn7q6eTqICYqUVnKs3thJo3Qplg=
golang.org/x/sys v0.0.0-20190215142949-d0b11bdaac8a/go.mod h1:STP8DvDyc/dI5b8T5hshtkjS+E42TnysNCUPdjciGhY=
golang.org/x/sys v0.0.0-20190412213103-97732733099d/go.mod h1:h1NjWce9XRLGQEsW7wpKNCjG9DtNlClVuFLEZdDNbEs=
golang.org/x/sys v0.0.0-20191026070338-33540a1f6037 h1:YyJpGZS1sBuBCzLAR1VEpK193GlqGZbnPFnPV/5Rsb4=
golang.org/x/sys v0.0.0-20191026070338-33540a1f6037/go.mod h1:h1NjWce9XRLGQEsW7wpKNCjG9DtNlClVuFLEZdDNbEs=
golang.org/x/text v0.3.0/go.mod h1:NqM8EUOU14njkJ3fqMW+pc6Ldnwhi/IjpwHt7yyuwOQ=
