github.com/seamia/libs v0.0.0-20201005000814-f29c2a5bbf51 h1:v4Ayv7xJ+xxI6rs/M3ucjhGt/iQzv2MilbH0PRPvlPM=
github.com/seamia/libs/zip v0.0.0-20201005000814-f29c2a5bbf51 h1://I1c0DHgiXDKK02q1CRRdBwmTg+9bmPu1lvx28PkxM=
github.com/seamia/libs/zip v0.0.0-20201005000814-f29c2a5bbf51/go.mod h1:kuwS4WXna64gELGt/e3ef331Kuamawaq4RUMQV3xtf4=
